
Microsoft Visual Studio Solution File, Format Version 12.00
# Visual Studio Version 17
VisualStudioVersion = 17.9.34622.214
MinimumVisualStudioVersion = 10.0.40219.1
Project("{2150E333-8FDC-42A3-9474-1A3956D46DE8}") = "src", "src", "{FDAA905B-7BCA-4FA5-9B80-EF0219A399FA}"
EndProject
Project("{2150E333-8FDC-42A3-9474-1A3956D46DE8}") = "Api", "Api", "{46A02434-84E7-4645-9871-CB87D2F3B2D7}"
EndProject
Project("{2150E333-8FDC-42A3-9474-1A3956D46DE8}") = "Clients", "Clients", "{1B19FC81-2CFC-4E8B-AC43-E3C272B29A6D}"
EndProject
Project("{2150E333-8FDC-42A3-9474-1A3956D46DE8}") = "Common", "Common", "{962D365C-9538-489D-B6E0-4F0BF783DEB3}"
EndProject
Project("{2150E333-8FDC-42A3-9474-1A3956D46DE8}") = "Projections", "Projections", "{2D264C94-6AA6-44AB-8C37-B28FB7C0DB66}"
EndProject
Project("{2150E333-8FDC-42A3-9474-1A3956D46DE8}") = "Core", "Core", "{D4D00FD7-EB4C-48C5-A94B-1A59B04A0458}"
EndProject
Project("{2150E333-8FDC-42A3-9474-1A3956D46DE8}") = "Infrastructure", "Infrastructure", "{B1888A5A-8F1C-4E12-8021-85063D059EA8}"
EndProject
Project("{2150E333-8FDC-42A3-9474-1A3956D46DE8}") = "WebApi", "WebApi", "{15780366-BD15-4E65-A499-4BA1111F4FB3}"
EndProject
Project("{2150E333-8FDC-42A3-9474-1A3956D46DE8}") = "YTSWeb", "YTSWeb", "{C8FFAFAF-61AE-49FD-B60F-14F9FB834FF0}"
EndProject
Project("{FAE04EC0-301F-11D3-BF4B-00C04F79EFBC}") = "YTSozluk.Common", "src\Common\YTSozluk.Common\YTSozluk.Common.csproj", "{CB2ABB8C-75DB-434E-A99F-CB1EED947A3A}"
EndProject
Project("{FAE04EC0-301F-11D3-BF4B-00C04F79EFBC}") = "YTSozluk.Api.Domain", "src\Api\Core\YTSozluk.Api.Domain\YTSozluk.Api.Domain.csproj", "{AB5EBC22-4F1B-4774-BD13-D53B657CB978}"
EndProject
Project("{FAE04EC0-301F-11D3-BF4B-00C04F79EFBC}") = "YTSozluk.Api.Application", "src\Api\Core\YTSozluk.Api.Application\YTSozluk.Api.Application.csproj", "{CF4D8BA8-A118-4687-A11E-8B85FEB1E605}"
EndProject
Project("{FAE04EC0-301F-11D3-BF4B-00C04F79EFBC}") = "YTSozluk.Infrastructure.Persistence", "src\Api\Infrastructure\YTSozluk.Infrastructure.Persistence\YTSozluk.Infrastructure.Persistence.csproj", "{A6DA1AF1-6DFB-4C20-B7FC-60EDC55A5D8A}"
EndProject
Project("{FAE04EC0-301F-11D3-BF4B-00C04F79EFBC}") = "YTSozluk.Api.WebApi", "src\Api\WebApi\YTSozluk.Api.WebApi\YTSozluk.Api.WebApi.csproj", "{8C7F251F-5C19-436D-B356-1985E7C903A5}"
EndProject
Project("{FAE04EC0-301F-11D3-BF4B-00C04F79EFBC}") = "YTSozluk.Projections.FavıriteService", "src\Projections\YTSozluk.Projections.FavıriteService\YTSozluk.Projections.FavıriteService.csproj", "{844EBD27-50DD-4793-AD0A-D5848F40EBAC}"
EndProject
Project("{FAE04EC0-301F-11D3-BF4B-00C04F79EFBC}") = "YTSozluk.Projections.UserService", "src\Projections\YTSozluk.Projections.User\YTSozluk.Projections.UserService.csproj", "{4ECD245A-2708-4C51-970F-F3EB927BC467}"
EndProject
Project("{FAE04EC0-301F-11D3-BF4B-00C04F79EFBC}") = "YTSozluk.Projection.VoteService", "src\Projections\YTSozluk.Projection.VoteService\YTSozluk.Projection.VoteService.csproj", "{436F60E6-7D3D-4AEE-8331-458A5D58C127}"
EndProject
Project("{FAE04EC0-301F-11D3-BF4B-00C04F79EFBC}") = "YTSozluk.WebApp", "src\Clients\YTSWeb\YTSozluk.WebApp\YTSozluk.WebApp.csproj", "{59896C80-0CAB-4100-8636-AC29A98BD129}"
EndProject
Global
	GlobalSection(SolutionConfigurationPlatforms) = preSolution
		Debug|Any CPU = Debug|Any CPU
		Release|Any CPU = Release|Any CPU
	EndGlobalSection
	GlobalSection(ProjectConfigurationPlatforms) = postSolution
		{CB2ABB8C-75DB-434E-A99F-CB1EED947A3A}.Debug|Any CPU.ActiveCfg = Debug|Any CPU
		{CB2ABB8C-75DB-434E-A99F-CB1EED947A3A}.Debug|Any CPU.Build.0 = Debug|Any CPU
		{CB2ABB8C-75DB-434E-A99F-CB1EED947A3A}.Release|Any CPU.ActiveCfg = Release|Any CPU
		{CB2ABB8C-75DB-434E-A99F-CB1EED947A3A}.Release|Any CPU.Build.0 = Release|Any CPU
		{AB5EBC22-4F1B-4774-BD13-D53B657CB978}.Debug|Any CPU.ActiveCfg = Debug|Any CPU
		{AB5EBC22-4F1B-4774-BD13-D53B657CB978}.Debug|Any CPU.Build.0 = Debug|Any CPU
		{AB5EBC22-4F1B-4774-BD13-D53B657CB978}.Release|Any CPU.ActiveCfg = Release|Any CPU
		{AB5EBC22-4F1B-4774-BD13-D53B657CB978}.Release|Any CPU.Build.0 = Release|Any CPU
		{CF4D8BA8-A118-4687-A11E-8B85FEB1E605}.Debug|Any CPU.ActiveCfg = Debug|Any CPU
		{CF4D8BA8-A118-4687-A11E-8B85FEB1E605}.Debug|Any CPU.Build.0 = Debug|Any CPU
		{CF4D8BA8-A118-4687-A11E-8B85FEB1E605}.Release|Any CPU.ActiveCfg = Release|Any CPU
		{CF4D8BA8-A118-4687-A11E-8B85FEB1E605}.Release|Any CPU.Build.0 = Release|Any CPU
		{A6DA1AF1-6DFB-4C20-B7FC-60EDC55A5D8A}.Debug|Any CPU.ActiveCfg = Debug|Any CPU
		{A6DA1AF1-6DFB-4C20-B7FC-60EDC55A5D8A}.Debug|Any CPU.Build.0 = Debug|Any CPU
		{A6DA1AF1-6DFB-4C20-B7FC-60EDC55A5D8A}.Release|Any CPU.ActiveCfg = Release|Any CPU
		{A6DA1AF1-6DFB-4C20-B7FC-60EDC55A5D8A}.Release|Any CPU.Build.0 = Release|Any CPU
		{8C7F251F-5C19-436D-B356-1985E7C903A5}.Debug|Any CPU.ActiveCfg = Debug|Any CPU
		{8C7F251F-5C19-436D-B356-1985E7C903A5}.Debug|Any CPU.Build.0 = Debug|Any CPU
		{8C7F251F-5C19-436D-B356-1985E7C903A5}.Release|Any CPU.ActiveCfg = Release|Any CPU
		{8C7F251F-5C19-436D-B356-1985E7C903A5}.Release|Any CPU.Build.0 = Release|Any CPU
		{844EBD27-50DD-4793-AD0A-D5848F40EBAC}.Debug|Any CPU.ActiveCfg = Debug|Any CPU
		{844EBD27-50DD-4793-AD0A-D5848F40EBAC}.Debug|Any CPU.Build.0 = Debug|Any CPU
		{844EBD27-50DD-4793-AD0A-D5848F40EBAC}.Release|Any CPU.ActiveCfg = Release|Any CPU
		{844EBD27-50DD-4793-AD0A-D5848F40EBAC}.Release|Any CPU.Build.0 = Release|Any CPU
		{4ECD245A-2708-4C51-970F-F3EB927BC467}.Debug|Any CPU.ActiveCfg = Debug|Any CPU
		{4ECD245A-2708-4C51-970F-F3EB927BC467}.Debug|Any CPU.Build.0 = Debug|Any CPU
		{4ECD245A-2708-4C51-970F-F3EB927BC467}.Release|Any CPU.ActiveCfg = Release|Any CPU
		{4ECD245A-2708-4C51-970F-F3EB927BC467}.Release|Any CPU.Build.0 = Release|Any CPU
		{436F60E6-7D3D-4AEE-8331-458A5D58C127}.Debug|Any CPU.ActiveCfg = Debug|Any CPU
		{436F60E6-7D3D-4AEE-8331-458A5D58C127}.Debug|Any CPU.Build.0 = Debug|Any CPU
		{436F60E6-7D3D-4AEE-8331-458A5D58C127}.Release|Any CPU.ActiveCfg = Release|Any CPU
		{436F60E6-7D3D-4AEE-8331-458A5D58C127}.Release|Any CPU.Build.0 = Release|Any CPU
		{59896C80-0CAB-4100-8636-AC29A98BD129}.Debug|Any CPU.ActiveCfg = Debug|Any CPU
		{59896C80-0CAB-4100-8636-AC29A98BD129}.Debug|Any CPU.Build.0 = Debug|Any CPU
		{59896C80-0CAB-4100-8636-AC29A98BD129}.Release|Any CPU.ActiveCfg = Release|Any CPU
		{59896C80-0CAB-4100-8636-AC29A98BD129}.Release|Any CPU.Build.0 = Release|Any CPU
	EndGlobalSection
	GlobalSection(SolutionProperties) = preSolution
		HideSolutionNode = FALSE
	EndGlobalSection
	GlobalSection(NestedProjects) = preSolution
		{46A02434-84E7-4645-9871-CB87D2F3B2D7} = {FDAA905B-7BCA-4FA5-9B80-EF0219A399FA}
		{1B19FC81-2CFC-4E8B-AC43-E3C272B29A6D} = {FDAA905B-7BCA-4FA5-9B80-EF0219A399FA}
		{962D365C-9538-489D-B6E0-4F0BF783DEB3} = {FDAA905B-7BCA-4FA5-9B80-EF0219A399FA}
		{2D264C94-6AA6-44AB-8C37-B28FB7C0DB66} = {FDAA905B-7BCA-4FA5-9B80-EF0219A399FA}
		{D4D00FD7-EB4C-48C5-A94B-1A59B04A0458} = {46A02434-84E7-4645-9871-CB87D2F3B2D7}
		{B1888A5A-8F1C-4E12-8021-85063D059EA8} = {46A02434-84E7-4645-9871-CB87D2F3B2D7}
		{15780366-BD15-4E65-A499-4BA1111F4FB3} = {46A02434-84E7-4645-9871-CB87D2F3B2D7}
		{C8FFAFAF-61AE-49FD-B60F-14F9FB834FF0} = {1B19FC81-2CFC-4E8B-AC43-E3C272B29A6D}
		{CB2ABB8C-75DB-434E-A99F-CB1EED947A3A} = {962D365C-9538-489D-B6E0-4F0BF783DEB3}
		{AB5EBC22-4F1B-4774-BD13-D53B657CB978} = {D4D00FD7-EB4C-48C5-A94B-1A59B04A0458}
		{CF4D8BA8-A118-4687-A11E-8B85FEB1E605} = {D4D00FD7-EB4C-48C5-A94B-1A59B04A0458}
		{A6DA1AF1-6DFB-4C20-B7FC-60EDC55A5D8A} = {B1888A5A-8F1C-4E12-8021-85063D059EA8}
		{8C7F251F-5C19-436D-B356-1985E7C903A5} = {15780366-BD15-4E65-A499-4BA1111F4FB3}
		{844EBD27-50DD-4793-AD0A-D5848F40EBAC} = {2D264C94-6AA6-44AB-8C37-B28FB7C0DB66}
		{4ECD245A-2708-4C51-970F-F3EB927BC467} = {2D264C94-6AA6-44AB-8C37-B28FB7C0DB66}
		{436F60E6-7D3D-4AEE-8331-458A5D58C127} = {2D264C94-6AA6-44AB-8C37-B28FB7C0DB66}
		{59896C80-0CAB-4100-8636-AC29A98BD129} = {C8FFAFAF-61AE-49FD-B60F-14F9FB834FF0}
	EndGlobalSection
	GlobalSection(ExtensibilityGlobals) = postSolution
		SolutionGuid = {446C9B89-3860-4151-9070-B5428DA4C6A6}
	EndGlobalSection
EndGlobal
